// !$*UTF8*$!
{
	archiveVersion = 1;
	classes = {
	};
	objectVersion = 46;
	objects = {

/* Begin PBXBuildFile section */
		95B335DA1D7EC17D00374A99 /* AppDelegate.swift in Sources */ = {isa = PBXBuildFile; fileRef = 95B335D91D7EC17D00374A99 /* AppDelegate.swift */; };
		95B335DC1D7EC17D00374A99 /* ViewController.swift in Sources */ = {isa = PBXBuildFile; fileRef = 95B335DB1D7EC17D00374A99 /* ViewController.swift */; };
		95B335DF1D7EC17D00374A99 /* Main.storyboard in Resources */ = {isa = PBXBuildFile; fileRef = 95B335DD1D7EC17D00374A99 /* Main.storyboard */; };
		95B335E11D7EC17D00374A99 /* Assets.xcassets in Resources */ = {isa = PBXBuildFile; fileRef = 95B335E01D7EC17D00374A99 /* Assets.xcassets */; };
		95B335E41D7EC17D00374A99 /* LaunchScreen.storyboard in Resources */ = {isa = PBXBuildFile; fileRef = 95B335E21D7EC17D00374A99 /* LaunchScreen.storyboard */; };
/* End PBXBuildFile section */

/* Begin PBXFileReference section */
		95B335D61D7EC17D00374A99 /* FourButtons.app */ = {isa = PBXFileReference; explicitFileType = wrapper.application; includeInIndex = 0; path = FourButtons.app; sourceTree = BUILT_PRODUCTS_DIR; };
		95B335D91D7EC17D00374A99 /* AppDelegate.swift */ = {isa = PBXFileReference; lastKnownFileType = sourcecode.swift; path = AppDelegate.swift; sourceTree = "<group>"; };
		95B335DB1D7EC17D00374A99 /* ViewController.swift */ = {isa = PBXFileReference; lastKnownFileType = sourcecode.swift; path = ViewController.swift; sourceTree = "<group>"; };
		95B335DE1D7EC17D00374A99 /* Base */ = {isa = PBXFileReference; lastKnownFileType = file.storyboard; name = Base; path = Base.lproj/Main.storyboard; sourceTree = "<group>"; };
		95B335E01D7EC17D00374A99 /* Assets.xcassets */ = {isa = PBXFileReference; lastKnownFileType = folder.assetcatalog; path = Assets.xcassets; sourceTree = "<group>"; };
		95B335E31D7EC17D00374A99 /* Base */ = {isa = PBXFileReference; lastKnownFileType = file.storyboard; name = Base; path = Base.lproj/LaunchScreen.storyboard; sourceTree = "<group>"; };
		95B335E51D7EC17D00374A99 /* Info.plist */ = {isa = PBXFileReference; lastKnownFileType = text.plist.xml; path = Info.plist; sourceTree = "<group>"; };
/* End PBXFileReference section */

/* Begin PBXFrameworksBuildPhase section */
		95B335D31D7EC17D00374A99 /* Frameworks */ = {
			isa = PBXFrameworksBuildPhase;
			buildActionMask = 2147483647;
			files = (
			);
			runOnlyForDeploymentPostprocessing = 0;
		};
/* End PBXFrameworksBuildPhase section */

/* Begin PBXGroup section */
		95B335CD1D7EC17D00374A99 = {
			isa = PBXGroup;
			children = (
				95B335D81D7EC17D00374A99 /* FourButtons */,
				95B335D71D7EC17D00374A99 /* Products */,
			);
			sourceTree = "<group>";
		};
		95B335D71D7EC17D00374A99 /* Products */ = {
			isa = PBXGroup;
			children = (
				95B335D61D7EC17D00374A99 /* FourButtons.app */,
			);
			name = Products;
			sourceTree = "<group>";
		};
		95B335D81D7EC17D00374A99 /* FourButtons */ = {
			isa = PBXGroup;
			children = (
				95B335D91D7EC17D00374A99 /* AppDelegate.swift */,
				95B335DB1D7EC17D00374A99 /* ViewController.swift */,
				95B335DD1D7EC17D00374A99 /* Main.storyboard */,
				95B335E01D7EC17D00374A99 /* Assets.xcassets */,
				95B335E21D7EC17D00374A99 /* LaunchScreen.storyboard */,
				95B335E51D7EC17D00374A99 /* Info.plist */,
			);
			path = FourButtons;
			sourceTree = "<group>";
		};
/* End PBXGroup section */

/* Begin PBXNativeTarget section */
		95B335D51D7EC17D00374A99 /* FourButtons */ = {
			isa = PBXNativeTarget;
			buildConfigurationList = 95B335E81D7EC17D00374A99 /* Build configuration list for PBXNativeTarget "FourButtons" */;
			buildPhases = (
				95B335D21D7EC17D00374A99 /* Sources */,
				95B335D31D7EC17D00374A99 /* Frameworks */,
				95B335D41D7EC17D00374A99 /* Resources */,
			);
			buildRules = (
			);
			dependencies = (
			);
			name = FourButtons;
			productName = FourButtons;
			productReference = 95B335D61D7EC17D00374A99 /* FourButtons.app */;
			productType = "com.apple.product-type.application";
		};
/* End PBXNativeTarget section */

/* Begin PBXProject section */
		95B335CE1D7EC17D00374A99 /* Project object */ = {
			isa = PBXProject;
			attributes = {
				LastSwiftUpdateCheck = 0800;
				LastUpgradeCheck = 0800;
				ORGANIZATIONNAME = "Michael Teter";
				TargetAttributes = {
					95B335D51D7EC17D00374A99 = {
						CreatedOnToolsVersion = 8.0;
						ProvisioningStyle = Automatic;
					};
				};
			};
			buildConfigurationList = 95B335D11D7EC17D00374A99 /* Build configuration list for PBXProject "FourButtons" */;
			compatibilityVersion = "Xcode 3.2";
			developmentRegion = English;
			hasScannedForEncodings = 0;
			knownRegions = (
				en,
				Base,
			);
			mainGroup = 95B335CD1D7EC17D00374A99;
			productRefGroup = 95B335D71D7EC17D00374A99 /* Products */;
			projectDirPath = "";
			projectRoot = "";
			targets = (
				95B335D51D7EC17D00374A99 /* FourButtons */,
			);
		};
/* End PBXProject section */

/* Begin PBXResourcesBuildPhase section */
		95B335D41D7EC17D00374A99 /* Resources */ = {
			isa = PBXResourcesBuildPhase;
			buildActionMask = 2147483647;
			files = (
				95B335E41D7EC17D00374A99 /* LaunchScreen.storyboard in Resources */,
				95B335E11D7EC17D00374A99 /* Assets.xcassets in Resources */,
				95B335DF1D7EC17D00374A99 /* Main.storyboard in Resources */,
			);
			runOnlyForDeploymentPostprocessing = 0;
		};
/* End PBXResourcesBuildPhase section */

/* Begin PBXSourcesBuildPhase section */
		95B335D21D7EC17D00374A99 /* Sources */ = {
			isa = PBXSourcesBuildPhase;
			buildActionMask = 2147483647;
			files = (
				95B335DC1D7EC17D00374A99 /* ViewController.swift in Sources */,
				95B335DA1D7EC17D00374A99 /* AppDelegate.swift in Sources */,
			);
			runOnlyForDeploymentPostprocessing = 0;
		};
/* End PBXSourcesBuildPhase section */

/* Begin PBXVariantGroup section */
		95B335DD1D7EC17D00374A99 /* Main.storyboard */ = {
			isa = PBXVariantGroup;
			children = (
				95B335DE1D7EC17D00374A99 /* Base */,
			);
			name = Main.storyboard;
			sourceTree = "<group>";
		};
		95B335E21D7EC17D00374A99 /* LaunchScreen.storyboard */ = {
			isa = PBXVariantGroup;
			children = (
				95B335E31D7EC17D00374A99 /* Base */,
			);
			name = LaunchScreen.storyboard;
			sourceTree = "<group>";
		};
/* End PBXVariantGroup section */

/* Begin XCBuildConfiguration section */
		95B335E61D7EC17D00374A99 /* Debug */ = {
			isa = XCBuildConfiguration;
			buildSettings = {
				ALWAYS_SEARCH_USER_PATHS = NO;
				CLANG_ANALYZER_NONNULL = YES;
				CLANG_CXX_LANGUAGE_STANDARD = "gnu++0x";
				CLANG_CXX_LIBRARY = "libc++";
				CLANG_ENABLE_MODULES = YES;
				CLANG_ENABLE_OBJC_ARC = YES;
				CLANG_WARN_BOOL_CONVERSION = YES;
				CLANG_WARN_CONSTANT_CONVERSION = YES;
				CLANG_WARN_DIRECT_OBJC_ISA_USAGE = YES_ERROR;
				CLANG_WARN_DOCUMENTATION_COMMENTS = YES;
				CLANG_WARN_EMPTY_BODY = YES;
				CLANG_WARN_ENUM_CONVERSION = YES;
				CLANG_WARN_INFINITE_RECURSION = YES;
				CLANG_WARN_INT_CONVERSION = YES;
				CLANG_WARN_OBJC_ROOT_CLASS = YES_ERROR;
				CLANG_WARN_SUSPICIOUS_MOVES = YES;
				CLANG_WARN_UNREACHABLE_CODE = YES;
				CLANG_WARN__DUPLICATE_METHOD_MATCH = YES;
				"CODE_SIGN_IDENTITY[sdk=iphoneos*]" = "iPhone Developer";
				COPY_PHASE_STRIP = NO;
				DEBUG_INFORMATION_FORMAT = dwarf;
				ENABLE_STRICT_OBJC_MSGSEND = YES;
				ENABLE_TESTABILITY = YES;
				GCC_C_LANGUAGE_STANDARD = gnu99;
				GCC_DYNAMIC_NO_PIC = NO;
				GCC_NO_COMMON_BLOCKS = YES;
				GCC_OPTIMIZATION_LEVEL = 0;
				GCC_PREPROCESSOR_DEFINITIONS = (
					"DEBUG=1",
					"$(inherited)",
				);
				GCC_WARN_64_TO_32_BIT_CONVERSION = YES;
				GCC_WARN_ABOUT_RETURN_TYPE = YES_ERROR;
				GCC_WARN_UNDECLARED_SELECTOR = YES;
				GCC_WARN_UNINITIALIZED_AUTOS = YES_AGGRESSIVE;
				GCC_WARN_UNUSED_FUNCTION = YES;
				GCC_WARN_UNUSED_VARIABLE = YES;
				IPHONEOS_DEPLOYMENT_TARGET = 10.0;
				MTL_ENABLE_DEBUG_INFO = YES;
				ONLY_ACTIVE_ARCH = YES;
				SDKROOT = iphoneos;
				SWIFT_ACTIVE_COMPILATION_CONDITIONS = DEBUG;
				SWIFT_OPTIMIZATION_LEVEL = "-Onone";
			};
			name = Debug;
		};
		95B335E71D7EC17D00374A99 /* Release */ = {
			isa = XCBuildConfiguration;
			buildSettings = {
				ALWAYS_SEARCH_USER_PATHS = NO;
				CLANG_ANALYZER_NONNULL = YES;
				CLANG_CXX_LANGUAGE_STANDARD = "gnu++0x";
				CLANG_CXX_LIBRARY = "libc++";
				CLANG_ENABLE_MODULES = YES;
				CLANG_ENABLE_OBJC_ARC = YES;
				CLANG_WARN_BOOL_CONVERSION = YES;
				CLANG_WARN_CONSTANT_CONVERSION = YES;
				CLANG_WARN_DIRECT_OBJC_ISA_USAGE = YES_ERROR;
				CLANG_WARN_DOCUMENTATION_COMMENTS = YES;
				CLANG_WARN_EMPTY_BODY = YES;
				CLANG_WARN_ENUM_CONVERSION = YES;
				CLANG_WARN_INFINITE_RECURSION = YES;
				CLANG_WARN_INT_CONVERSION = YES;
				CLANG_WARN_OBJC_ROOT_CLASS = YES_ERROR;
				CLANG_WARN_SUSPICIOUS_MOVES = YES;
				CLANG_WARN_UNREACHABLE_CODE = YES;
				CLANG_WARN__DUPLICATE_METHOD_MATCH = YES;
				"CODE_SIGN_IDENTITY[sdk=iphoneos*]" = "iPhone Developer";
				COPY_PHASE_STRIP = NO;
				DEBUG_INFORMATION_FORMAT = "dwarf-with-dsym";
				ENABLE_NS_ASSERTIONS = NO;
				ENABLE_STRICT_OBJC_MSGSEND = YES;
				GCC_C_LANGUAGE_STANDARD = gnu99;
				GCC_NO_COMMON_BLOCKS = YES;
				GCC_WARN_64_TO_32_BIT_CONVERSION = YES;
				GCC_WARN_ABOUT_RETURN_TYPE = YES_ERROR;
				GCC_WARN_UNDECLARED_SELECTOR = YES;
				GCC_WARN_UNINITIALIZED_AUTOS = YES_AGGRESSIVE;
				GCC_WARN_UNUSED_FUNCTION = YES;
				GCC_WARN_UNUSED_VARIABLE = YES;
				IPHONEOS_DEPLOYMENT_TARGET = 10.0;
				MTL_ENABLE_DEBUG_INFO = NO;
				SDKROOT = iphoneos;
				SWIFT_OPTIMIZATION_LEVEL = "-Owholemodule";
				VALIDATE_PRODUCT = YES;
			};
			name = Release;
		};
		95B335E91D7EC17D00374A99 /* Debug */ = {
			isa = XCBuildConfiguration;
			buildSettings = {
				ASSETCATALOG_COMPILER_APPICON_NAME = AppIcon;
				INFOPLIST_FILE = FourButtons/Info.plist;
				LD_RUNPATH_SEARCH_PATHS = "$(inherited) @executable_path/Frameworks";
				PRODUCT_BUNDLE_IDENTIFIER = com.michaelteter.ios.FourButtons;
				PRODUCT_NAME = "$(TARGET_NAME)";
				SWIFT_VERSION = 3.0;
			};
			name = Debug;
		};
		95B335EA1D7EC17D00374A99 /* Release */ = {
			isa = XCBuildConfiguration;
			buildSettings = {
				ASSETCATALOG_COMPILER_APPICON_NAME = AppIcon;
				INFOPLIST_FILE = FourButtons/Info.plist;
				LD_RUNPATH_SEARCH_PATHS = "$(inherited) @executable_path/Frameworks";
				PRODUCT_BUNDLE_IDENTIFIER = com.michaelteter.ios.FourButtons;
				PRODUCT_NAME = "$(TARGET_NAME)";
				SWIFT_VERSION = 3.0;
			};
			name = Release;
		};
/* End XCBuildConfiguration section */

/* Begin XCConfigurationList section */
		95B335D11D7EC17D00374A99 /* Build configuration list for PBXProject "FourButtons" */ = {
			isa = XCConfigurationList;
			buildConfigurations = (
				95B335E61D7EC17D00374A99 /* Debug */,
				95B335E71D7EC17D00374A99 /* Release */,
			);
			defaultConfigurationIsVisible = 0;
			defaultConfigurationName = Release;
		};
		95B335E81D7EC17D00374A99 /* Build configuration list for PBXNativeTarget "FourButtons" */ = {
			isa = XCConfigurationList;
			buildConfigurations = (
				95B335E91D7EC17D00374A99 /* Debug */,
				95B335EA1D7EC17D00374A99 /* Release */,
			);
			defaultConfigurationIsVisible = 0;
		};
/* End XCConfigurationList section */
	};
	rootObject = 95B335CE1D7EC17D00374A99 /* Project object */;
}
